// !$*UTF8*$!
{
	archiveVersion = 1;
	classes = {
	};
	objectVersion = 56;
	objects = {

/* Begin PBXBuildFile section */
		1A737C812BC80D5E00765B68 /* RMGetAllCharactersResponse.swift in Sources */ = {isa = PBXBuildFile; fileRef = 1A737C802BC80D5E00765B68 /* RMGetAllCharactersResponse.swift */; };
		1A7A91902BC1335600D302F6 /* AppDelegate.swift in Sources */ = {isa = PBXBuildFile; fileRef = 1A7A918F2BC1335600D302F6 /* AppDelegate.swift */; };
		1A7A91922BC1335600D302F6 /* SceneDelegate.swift in Sources */ = {isa = PBXBuildFile; fileRef = 1A7A91912BC1335600D302F6 /* SceneDelegate.swift */; };
		1A7A91942BC1335600D302F6 /* RMTabBarController.swift in Sources */ = {isa = PBXBuildFile; fileRef = 1A7A91932BC1335600D302F6 /* RMTabBarController.swift */; };
		1A7A91992BC1335800D302F6 /* Assets.xcassets in Resources */ = {isa = PBXBuildFile; fileRef = 1A7A91982BC1335800D302F6 /* Assets.xcassets */; };
		1A7A919C2BC1335800D302F6 /* LaunchScreen.storyboard in Resources */ = {isa = PBXBuildFile; fileRef = 1A7A919A2BC1335800D302F6 /* LaunchScreen.storyboard */; };
		1A7A91AC2BC2A6BC00D302F6 /* RMLocation.swift in Sources */ = {isa = PBXBuildFile; fileRef = 1A7A91AB2BC2A6BB00D302F6 /* RMLocation.swift */; };
		1A7A91AE2BC2A6C600D302F6 /* RMCharacter.swift in Sources */ = {isa = PBXBuildFile; fileRef = 1A7A91AD2BC2A6C600D302F6 /* RMCharacter.swift */; };
		1A7A91B02BC2A6D500D302F6 /* RMEpisode.swift in Sources */ = {isa = PBXBuildFile; fileRef = 1A7A91AF2BC2A6D500D302F6 /* RMEpisode.swift */; };
		1A7A91B32BC2A88A00D302F6 /* RMCharacterViewController.swift in Sources */ = {isa = PBXBuildFile; fileRef = 1A7A91B22BC2A88A00D302F6 /* RMCharacterViewController.swift */; };
		1A7A91B52BC2A89700D302F6 /* RMLocationViewController.swift in Sources */ = {isa = PBXBuildFile; fileRef = 1A7A91B42BC2A89700D302F6 /* RMLocationViewController.swift */; };
		1A7A91B72BC2A8A500D302F6 /* RMEpisodeViewController.swift in Sources */ = {isa = PBXBuildFile; fileRef = 1A7A91B62BC2A8A500D302F6 /* RMEpisodeViewController.swift */; };
		1A7A91B92BC2A8B000D302F6 /* RMSettingsViewController.swift in Sources */ = {isa = PBXBuildFile; fileRef = 1A7A91B82BC2A8B000D302F6 /* RMSettingsViewController.swift */; };
		1A7A91BB2BC2E06700D302F6 /* RMService.swift in Sources */ = {isa = PBXBuildFile; fileRef = 1A7A91BA2BC2E06700D302F6 /* RMService.swift */; };
		1A7A91BD2BC2E07400D302F6 /* RMRequest.swift in Sources */ = {isa = PBXBuildFile; fileRef = 1A7A91BC2BC2E07400D302F6 /* RMRequest.swift */; };
		1A7A91BF2BC2E0F200D302F6 /* RMEndpoint.swift in Sources */ = {isa = PBXBuildFile; fileRef = 1A7A91BE2BC2E0F200D302F6 /* RMEndpoint.swift */; };
		1A7A91C12BC302C800D302F6 /* RMOrigin.swift in Sources */ = {isa = PBXBuildFile; fileRef = 1A7A91C02BC302C800D302F6 /* RMOrigin.swift */; };
		1A7A91C32BC303F400D302F6 /* RMSingleLocation.swift in Sources */ = {isa = PBXBuildFile; fileRef = 1A7A91C22BC303F400D302F6 /* RMSingleLocation.swift */; };
		1A7A91C72BC3064100D302F6 /* RMCharacterStatus.swift in Sources */ = {isa = PBXBuildFile; fileRef = 1A7A91C62BC3064100D302F6 /* RMCharacterStatus.swift */; };
		1A7A91C92BC3068F00D302F6 /* RMCharacterGender.swift in Sources */ = {isa = PBXBuildFile; fileRef = 1A7A91C82BC3068F00D302F6 /* RMCharacterGender.swift */; };
/* End PBXBuildFile section */

/* Begin PBXFileReference section */
		1A737C802BC80D5E00765B68 /* RMGetAllCharactersResponse.swift */ = {isa = PBXFileReference; lastKnownFileType = sourcecode.swift; path = RMGetAllCharactersResponse.swift; sourceTree = "<group>"; };
		1A7A918C2BC1335600D302F6 /* RickAndMorty.app */ = {isa = PBXFileReference; explicitFileType = wrapper.application; includeInIndex = 0; path = RickAndMorty.app; sourceTree = BUILT_PRODUCTS_DIR; };
		1A7A918F2BC1335600D302F6 /* AppDelegate.swift */ = {isa = PBXFileReference; lastKnownFileType = sourcecode.swift; path = AppDelegate.swift; sourceTree = "<group>"; };
		1A7A91912BC1335600D302F6 /* SceneDelegate.swift */ = {isa = PBXFileReference; lastKnownFileType = sourcecode.swift; path = SceneDelegate.swift; sourceTree = "<group>"; };
		1A7A91932BC1335600D302F6 /* RMTabBarController.swift */ = {isa = PBXFileReference; lastKnownFileType = sourcecode.swift; path = RMTabBarController.swift; sourceTree = "<group>"; };
		1A7A91982BC1335800D302F6 /* Assets.xcassets */ = {isa = PBXFileReference; lastKnownFileType = folder.assetcatalog; path = Assets.xcassets; sourceTree = "<group>"; };
		1A7A919B2BC1335800D302F6 /* Base */ = {isa = PBXFileReference; lastKnownFileType = file.storyboard; name = Base; path = Base.lproj/LaunchScreen.storyboard; sourceTree = "<group>"; };
		1A7A919D2BC1335800D302F6 /* Info.plist */ = {isa = PBXFileReference; lastKnownFileType = text.plist.xml; path = Info.plist; sourceTree = "<group>"; };
		1A7A91AB2BC2A6BB00D302F6 /* RMLocation.swift */ = {isa = PBXFileReference; lastKnownFileType = sourcecode.swift; path = RMLocation.swift; sourceTree = "<group>"; };
		1A7A91AD2BC2A6C600D302F6 /* RMCharacter.swift */ = {isa = PBXFileReference; lastKnownFileType = sourcecode.swift; path = RMCharacter.swift; sourceTree = "<group>"; };
		1A7A91AF2BC2A6D500D302F6 /* RMEpisode.swift */ = {isa = PBXFileReference; lastKnownFileType = sourcecode.swift; path = RMEpisode.swift; sourceTree = "<group>"; };
		1A7A91B22BC2A88A00D302F6 /* RMCharacterViewController.swift */ = {isa = PBXFileReference; lastKnownFileType = sourcecode.swift; path = RMCharacterViewController.swift; sourceTree = "<group>"; };
		1A7A91B42BC2A89700D302F6 /* RMLocationViewController.swift */ = {isa = PBXFileReference; lastKnownFileType = sourcecode.swift; path = RMLocationViewController.swift; sourceTree = "<group>"; };
		1A7A91B62BC2A8A500D302F6 /* RMEpisodeViewController.swift */ = {isa = PBXFileReference; lastKnownFileType = sourcecode.swift; path = RMEpisodeViewController.swift; sourceTree = "<group>"; };
		1A7A91B82BC2A8B000D302F6 /* RMSettingsViewController.swift */ = {isa = PBXFileReference; lastKnownFileType = sourcecode.swift; path = RMSettingsViewController.swift; sourceTree = "<group>"; };
		1A7A91BA2BC2E06700D302F6 /* RMService.swift */ = {isa = PBXFileReference; lastKnownFileType = sourcecode.swift; path = RMService.swift; sourceTree = "<group>"; };
		1A7A91BC2BC2E07400D302F6 /* RMRequest.swift */ = {isa = PBXFileReference; lastKnownFileType = sourcecode.swift; path = RMRequest.swift; sourceTree = "<group>"; };
		1A7A91BE2BC2E0F200D302F6 /* RMEndpoint.swift */ = {isa = PBXFileReference; lastKnownFileType = sourcecode.swift; path = RMEndpoint.swift; sourceTree = "<group>"; };
		1A7A91C02BC302C800D302F6 /* RMOrigin.swift */ = {isa = PBXFileReference; lastKnownFileType = sourcecode.swift; path = RMOrigin.swift; sourceTree = "<group>"; };
		1A7A91C22BC303F400D302F6 /* RMSingleLocation.swift */ = {isa = PBXFileReference; lastKnownFileType = sourcecode.swift; path = RMSingleLocation.swift; sourceTree = "<group>"; };
		1A7A91C62BC3064100D302F6 /* RMCharacterStatus.swift */ = {isa = PBXFileReference; lastKnownFileType = sourcecode.swift; path = RMCharacterStatus.swift; sourceTree = "<group>"; };
		1A7A91C82BC3068F00D302F6 /* RMCharacterGender.swift */ = {isa = PBXFileReference; lastKnownFileType = sourcecode.swift; path = RMCharacterGender.swift; sourceTree = "<group>"; };
/* End PBXFileReference section */

/* Begin PBXFrameworksBuildPhase section */
		1A7A91892BC1335600D302F6 /* Frameworks */ = {
			isa = PBXFrameworksBuildPhase;
			buildActionMask = 2147483647;
			files = (
			);
			runOnlyForDeploymentPostprocessing = 0;
		};
/* End PBXFrameworksBuildPhase section */

/* Begin PBXGroup section */
		1A737C7E2BC80D2600765B68 /* DataTypes */ = {
			isa = PBXGroup;
			children = (
				1A7A91AB2BC2A6BB00D302F6 /* RMLocation.swift */,
				1A7A91AD2BC2A6C600D302F6 /* RMCharacter.swift */,
				1A7A91AF2BC2A6D500D302F6 /* RMEpisode.swift */,
				1A7A91C02BC302C800D302F6 /* RMOrigin.swift */,
				1A7A91C22BC303F400D302F6 /* RMSingleLocation.swift */,
				1A7A91C62BC3064100D302F6 /* RMCharacterStatus.swift */,
				1A7A91C82BC3068F00D302F6 /* RMCharacterGender.swift */,
			);
			path = DataTypes;
			sourceTree = "<group>";
		};
		1A737C7F2BC80D3B00765B68 /* APIResponseTypes */ = {
			isa = PBXGroup;
			children = (
				1A737C802BC80D5E00765B68 /* RMGetAllCharactersResponse.swift */,
			);
			path = APIResponseTypes;
			sourceTree = "<group>";
		};
		1A7A91832BC1335600D302F6 = {
			isa = PBXGroup;
			children = (
				1A7A918E2BC1335600D302F6 /* RickAndMorty */,
				1A7A918D2BC1335600D302F6 /* Products */,
			);
			sourceTree = "<group>";
		};
		1A7A918D2BC1335600D302F6 /* Products */ = {
			isa = PBXGroup;
			children = (
				1A7A918C2BC1335600D302F6 /* RickAndMorty.app */,
			);
			name = Products;
			sourceTree = "<group>";
		};
		1A7A918E2BC1335600D302F6 /* RickAndMorty */ = {
			isa = PBXGroup;
			children = (
				1A7A91A92BC2A62900D302F6 /* Resources */,
				1A7A91A82BC2A62400D302F6 /* Managers */,
				1A7A91A72BC2A5EB00D302F6 /* APIClient */,
				1A7A91A62BC2A5CA00D302F6 /* ViewModels */,
				1A7A91A52BC2A5B700D302F6 /* Views */,
				1A7A91A42BC2A5B200D302F6 /* Models */,
				1A7A91A32BC2A5A800D302F6 /* Controllers */,
				1A7A919D2BC1335800D302F6 /* Info.plist */,
			);
			path = RickAndMorty;
			sourceTree = "<group>";
		};
		1A7A91A32BC2A5A800D302F6 /* Controllers */ = {
			isa = PBXGroup;
			children = (
				1A7A91B12BC2A86300D302F6 /* Core */,
			);
			path = Controllers;
			sourceTree = "<group>";
		};
		1A7A91A42BC2A5B200D302F6 /* Models */ = {
			isa = PBXGroup;
			children = (
				1A737C7F2BC80D3B00765B68 /* APIResponseTypes */,
				1A737C7E2BC80D2600765B68 /* DataTypes */,
			);
			path = Models;
			sourceTree = "<group>";
		};
		1A7A91A52BC2A5B700D302F6 /* Views */ = {
			isa = PBXGroup;
			children = (
			);
			path = Views;
			sourceTree = "<group>";
		};
		1A7A91A62BC2A5CA00D302F6 /* ViewModels */ = {
			isa = PBXGroup;
			children = (
			);
			path = ViewModels;
			sourceTree = "<group>";
		};
		1A7A91A72BC2A5EB00D302F6 /* APIClient */ = {
			isa = PBXGroup;
			children = (
				1A7A91BA2BC2E06700D302F6 /* RMService.swift */,
				1A7A91BC2BC2E07400D302F6 /* RMRequest.swift */,
				1A7A91BE2BC2E0F200D302F6 /* RMEndpoint.swift */,
			);
			path = APIClient;
			sourceTree = "<group>";
		};
		1A7A91A82BC2A62400D302F6 /* Managers */ = {
			isa = PBXGroup;
			children = (
			);
			path = Managers;
			sourceTree = "<group>";
		};
		1A7A91A92BC2A62900D302F6 /* Resources */ = {
			isa = PBXGroup;
			children = (
				1A7A91912BC1335600D302F6 /* SceneDelegate.swift */,
				1A7A918F2BC1335600D302F6 /* AppDelegate.swift */,
				1A7A91982BC1335800D302F6 /* Assets.xcassets */,
				1A7A919A2BC1335800D302F6 /* LaunchScreen.storyboard */,
			);
			path = Resources;
			sourceTree = "<group>";
		};
		1A7A91B12BC2A86300D302F6 /* Core */ = {
			isa = PBXGroup;
			children = (
				1A7A91B22BC2A88A00D302F6 /* RMCharacterViewController.swift */,
				1A7A91B42BC2A89700D302F6 /* RMLocationViewController.swift */,
				1A7A91B82BC2A8B000D302F6 /* RMSettingsViewController.swift */,
				1A7A91B62BC2A8A500D302F6 /* RMEpisodeViewController.swift */,
				1A7A91932BC1335600D302F6 /* RMTabBarController.swift */,
			);
			path = Core;
			sourceTree = "<group>";
		};
/* End PBXGroup section */

/* Begin PBXNativeTarget section */
		1A7A918B2BC1335600D302F6 /* RickAndMorty */ = {
			isa = PBXNativeTarget;
			buildConfigurationList = 1A7A91A02BC1335800D302F6 /* Build configuration list for PBXNativeTarget "RickAndMorty" */;
			buildPhases = (
				1A7A91882BC1335600D302F6 /* Sources */,
				1A7A91892BC1335600D302F6 /* Frameworks */,
				1A7A918A2BC1335600D302F6 /* Resources */,
			);
			buildRules = (
			);
			dependencies = (
			);
			name = RickAndMorty;
			productName = RickAndMorty;
			productReference = 1A7A918C2BC1335600D302F6 /* RickAndMorty.app */;
			productType = "com.apple.product-type.application";
		};
/* End PBXNativeTarget section */

/* Begin PBXProject section */
		1A7A91842BC1335600D302F6 /* Project object */ = {
			isa = PBXProject;
			attributes = {
				BuildIndependentTargetsInParallel = 1;
				LastSwiftUpdateCheck = 1520;
				LastUpgradeCheck = 1520;
				TargetAttributes = {
					1A7A918B2BC1335600D302F6 = {
						CreatedOnToolsVersion = 15.2;
					};
				};
			};
			buildConfigurationList = 1A7A91872BC1335600D302F6 /* Build configuration list for PBXProject "RickAndMorty" */;
			compatibilityVersion = "Xcode 14.0";
			developmentRegion = en;
			hasScannedForEncodings = 0;
			knownRegions = (
				en,
				Base,
			);
			mainGroup = 1A7A91832BC1335600D302F6;
			productRefGroup = 1A7A918D2BC1335600D302F6 /* Products */;
			projectDirPath = "";
			projectRoot = "";
			targets = (
				1A7A918B2BC1335600D302F6 /* RickAndMorty */,
			);
		};
/* End PBXProject section */

/* Begin PBXResourcesBuildPhase section */
		1A7A918A2BC1335600D302F6 /* Resources */ = {
			isa = PBXResourcesBuildPhase;
			buildActionMask = 2147483647;
			files = (
				1A7A919C2BC1335800D302F6 /* LaunchScreen.storyboard in Resources */,
				1A7A91992BC1335800D302F6 /* Assets.xcassets in Resources */,
			);
			runOnlyForDeploymentPostprocessing = 0;
		};
/* End PBXResourcesBuildPhase section */

/* Begin PBXSourcesBuildPhase section */
		1A7A91882BC1335600D302F6 /* Sources */ = {
			isa = PBXSourcesBuildPhase;
			buildActionMask = 2147483647;
			files = (
				1A7A91C12BC302C800D302F6 /* RMOrigin.swift in Sources */,
				1A7A91C32BC303F400D302F6 /* RMSingleLocation.swift in Sources */,
				1A737C812BC80D5E00765B68 /* RMGetAllCharactersResponse.swift in Sources */,
				1A7A91C72BC3064100D302F6 /* RMCharacterStatus.swift in Sources */,
				1A7A91C92BC3068F00D302F6 /* RMCharacterGender.swift in Sources */,
				1A7A91B52BC2A89700D302F6 /* RMLocationViewController.swift in Sources */,
				1A7A91B02BC2A6D500D302F6 /* RMEpisode.swift in Sources */,
				1A7A91942BC1335600D302F6 /* RMTabBarController.swift in Sources */,
				1A7A91B72BC2A8A500D302F6 /* RMEpisodeViewController.swift in Sources */,
				1A7A91902BC1335600D302F6 /* AppDelegate.swift in Sources */,
				1A7A91922BC1335600D302F6 /* SceneDelegate.swift in Sources */,
				1A7A91B92BC2A8B000D302F6 /* RMSettingsViewController.swift in Sources */,
				1A7A91BB2BC2E06700D302F6 /* RMService.swift in Sources */,
				1A7A91AC2BC2A6BC00D302F6 /* RMLocation.swift in Sources */,
				1A7A91BF2BC2E0F200D302F6 /* RMEndpoint.swift in Sources */,
				1A7A91AE2BC2A6C600D302F6 /* RMCharacter.swift in Sources */,
				1A7A91BD2BC2E07400D302F6 /* RMRequest.swift in Sources */,
				1A7A91B32BC2A88A00D302F6 /* RMCharacterViewController.swift in Sources */,
			);
			runOnlyForDeploymentPostprocessing = 0;
		};
/* End PBXSourcesBuildPhase section */

/* Begin PBXVariantGroup section */
		1A7A919A2BC1335800D302F6 /* LaunchScreen.storyboard */ = {
			isa = PBXVariantGroup;
			children = (
				1A7A919B2BC1335800D302F6 /* Base */,
			);
			name = LaunchScreen.storyboard;
			sourceTree = "<group>";
		};
/* End PBXVariantGroup section */

/* Begin XCBuildConfiguration section */
		1A7A919E2BC1335800D302F6 /* Debug */ = {
			isa = XCBuildConfiguration;
			buildSettings = {
				ALWAYS_SEARCH_USER_PATHS = NO;
				ASSETCATALOG_COMPILER_GENERATE_SWIFT_ASSET_SYMBOL_EXTENSIONS = YES;
				CLANG_ANALYZER_NONNULL = YES;
				CLANG_ANALYZER_NUMBER_OBJECT_CONVERSION = YES_AGGRESSIVE;
				CLANG_CXX_LANGUAGE_STANDARD = "gnu++20";
				CLANG_ENABLE_MODULES = YES;
				CLANG_ENABLE_OBJC_ARC = YES;
				CLANG_ENABLE_OBJC_WEAK = YES;
				CLANG_WARN_BLOCK_CAPTURE_AUTORELEASING = YES;
				CLANG_WARN_BOOL_CONVERSION = YES;
				CLANG_WARN_COMMA = YES;
				CLANG_WARN_CONSTANT_CONVERSION = YES;
				CLANG_WARN_DEPRECATED_OBJC_IMPLEMENTATIONS = YES;
				CLANG_WARN_DIRECT_OBJC_ISA_USAGE = YES_ERROR;
				CLANG_WARN_DOCUMENTATION_COMMENTS = YES;
				CLANG_WARN_EMPTY_BODY = YES;
				CLANG_WARN_ENUM_CONVERSION = YES;
				CLANG_WARN_INFINITE_RECURSION = YES;
				CLANG_WARN_INT_CONVERSION = YES;
				CLANG_WARN_NON_LITERAL_NULL_CONVERSION = YES;
				CLANG_WARN_OBJC_IMPLICIT_RETAIN_SELF = YES;
				CLANG_WARN_OBJC_LITERAL_CONVERSION = YES;
				CLANG_WARN_OBJC_ROOT_CLASS = YES_ERROR;
				CLANG_WARN_QUOTED_INCLUDE_IN_FRAMEWORK_HEADER = YES;
				CLANG_WARN_RANGE_LOOP_ANALYSIS = YES;
				CLANG_WARN_STRICT_PROTOTYPES = YES;
				CLANG_WARN_SUSPICIOUS_MOVE = YES;
				CLANG_WARN_UNGUARDED_AVAILABILITY = YES_AGGRESSIVE;
				CLANG_WARN_UNREACHABLE_CODE = YES;
				CLANG_WARN__DUPLICATE_METHOD_MATCH = YES;
				COPY_PHASE_STRIP = NO;
				DEBUG_INFORMATION_FORMAT = dwarf;
				ENABLE_STRICT_OBJC_MSGSEND = YES;
				ENABLE_TESTABILITY = YES;
				ENABLE_USER_SCRIPT_SANDBOXING = YES;
				GCC_C_LANGUAGE_STANDARD = gnu17;
				GCC_DYNAMIC_NO_PIC = NO;
				GCC_NO_COMMON_BLOCKS = YES;
				GCC_OPTIMIZATION_LEVEL = 0;
				GCC_PREPROCESSOR_DEFINITIONS = (
					"DEBUG=1",
					"$(inherited)",
				);
				GCC_WARN_64_TO_32_BIT_CONVERSION = YES;
				GCC_WARN_ABOUT_RETURN_TYPE = YES_ERROR;
				GCC_WARN_UNDECLARED_SELECTOR = YES;
				GCC_WARN_UNINITIALIZED_AUTOS = YES_AGGRESSIVE;
				GCC_WARN_UNUSED_FUNCTION = YES;
				GCC_WARN_UNUSED_VARIABLE = YES;
				IPHONEOS_DEPLOYMENT_TARGET = 17.2;
				LOCALIZATION_PREFERS_STRING_CATALOGS = YES;
				MTL_ENABLE_DEBUG_INFO = INCLUDE_SOURCE;
				MTL_FAST_MATH = YES;
				ONLY_ACTIVE_ARCH = YES;
				SDKROOT = iphoneos;
				SWIFT_ACTIVE_COMPILATION_CONDITIONS = "DEBUG $(inherited)";
				SWIFT_OPTIMIZATION_LEVEL = "-Onone";
			};
			name = Debug;
		};
		1A7A919F2BC1335800D302F6 /* Release */ = {
			isa = XCBuildConfiguration;
			buildSettings = {
				ALWAYS_SEARCH_USER_PATHS = NO;
				ASSETCATALOG_COMPILER_GENERATE_SWIFT_ASSET_SYMBOL_EXTENSIONS = YES;
				CLANG_ANALYZER_NONNULL = YES;
				CLANG_ANALYZER_NUMBER_OBJECT_CONVERSION = YES_AGGRESSIVE;
				CLANG_CXX_LANGUAGE_STANDARD = "gnu++20";
				CLANG_ENABLE_MODULES = YES;
				CLANG_ENABLE_OBJC_ARC = YES;
				CLANG_ENABLE_OBJC_WEAK = YES;
				CLANG_WARN_BLOCK_CAPTURE_AUTORELEASING = YES;
				CLANG_WARN_BOOL_CONVERSION = YES;
				CLANG_WARN_COMMA = YES;
				CLANG_WARN_CONSTANT_CONVERSION = YES;
				CLANG_WARN_DEPRECATED_OBJC_IMPLEMENTATIONS = YES;
				CLANG_WARN_DIRECT_OBJC_ISA_USAGE = YES_ERROR;
				CLANG_WARN_DOCUMENTATION_COMMENTS = YES;
				CLANG_WARN_EMPTY_BODY = YES;
				CLANG_WARN_ENUM_CONVERSION = YES;
				CLANG_WARN_INFINITE_RECURSION = YES;
				CLANG_WARN_INT_CONVERSION = YES;
				CLANG_WARN_NON_LITERAL_NULL_CONVERSION = YES;
				CLANG_WARN_OBJC_IMPLICIT_RETAIN_SELF = YES;
				CLANG_WARN_OBJC_LITERAL_CONVERSION = YES;
				CLANG_WARN_OBJC_ROOT_CLASS = YES_ERROR;
				CLANG_WARN_QUOTED_INCLUDE_IN_FRAMEWORK_HEADER = YES;
				CLANG_WARN_RANGE_LOOP_ANALYSIS = YES;
				CLANG_WARN_STRICT_PROTOTYPES = YES;
				CLANG_WARN_SUSPICIOUS_MOVE = YES;
				CLANG_WARN_UNGUARDED_AVAILABILITY = YES_AGGRESSIVE;
				CLANG_WARN_UNREACHABLE_CODE = YES;
				CLANG_WARN__DUPLICATE_METHOD_MATCH = YES;
				COPY_PHASE_STRIP = NO;
				DEBUG_INFORMATION_FORMAT = "dwarf-with-dsym";
				ENABLE_NS_ASSERTIONS = NO;
				ENABLE_STRICT_OBJC_MSGSEND = YES;
				ENABLE_USER_SCRIPT_SANDBOXING = YES;
				GCC_C_LANGUAGE_STANDARD = gnu17;
				GCC_NO_COMMON_BLOCKS = YES;
				GCC_WARN_64_TO_32_BIT_CONVERSION = YES;
				GCC_WARN_ABOUT_RETURN_TYPE = YES_ERROR;
				GCC_WARN_UNDECLARED_SELECTOR = YES;
				GCC_WARN_UNINITIALIZED_AUTOS = YES_AGGRESSIVE;
				GCC_WARN_UNUSED_FUNCTION = YES;
				GCC_WARN_UNUSED_VARIABLE = YES;
				IPHONEOS_DEPLOYMENT_TARGET = 17.2;
				LOCALIZATION_PREFERS_STRING_CATALOGS = YES;
				MTL_ENABLE_DEBUG_INFO = NO;
				MTL_FAST_MATH = YES;
				SDKROOT = iphoneos;
				SWIFT_COMPILATION_MODE = wholemodule;
				VALIDATE_PRODUCT = YES;
			};
			name = Release;
		};
		1A7A91A12BC1335800D302F6 /* Debug */ = {
			isa = XCBuildConfiguration;
			buildSettings = {
				ASSETCATALOG_COMPILER_APPICON_NAME = AppIcon;
				ASSETCATALOG_COMPILER_GLOBAL_ACCENT_COLOR_NAME = AccentColor;
				CODE_SIGN_STYLE = Automatic;
				CURRENT_PROJECT_VERSION = 1;
				GENERATE_INFOPLIST_FILE = YES;
				INFOPLIST_FILE = RickAndMorty/Info.plist;
				INFOPLIST_KEY_UIApplicationSupportsIndirectInputEvents = YES;
				INFOPLIST_KEY_UILaunchStoryboardName = LaunchScreen;
				INFOPLIST_KEY_UISupportedInterfaceOrientations_iPad = "UIInterfaceOrientationPortrait UIInterfaceOrientationPortraitUpsideDown UIInterfaceOrientationLandscapeLeft UIInterfaceOrientationLandscapeRight";
				INFOPLIST_KEY_UISupportedInterfaceOrientations_iPhone = "UIInterfaceOrientationPortrait UIInterfaceOrientationLandscapeLeft UIInterfaceOrientationLandscapeRight";
				LD_RUNPATH_SEARCH_PATHS = (
					"$(inherited)",
					"@executable_path/Frameworks",
				);
				MARKETING_VERSION = 1.0;
				PRODUCT_BUNDLE_IDENTIFIER = com.appcoda.RickAndMorty;
				PRODUCT_NAME = "$(TARGET_NAME)";
				SWIFT_EMIT_LOC_STRINGS = YES;
				SWIFT_VERSION = 5.0;
				TARGETED_DEVICE_FAMILY = "1,2";
			};
			name = Debug;
		};
		1A7A91A22BC1335800D302F6 /* Release */ = {
			isa = XCBuildConfiguration;
			buildSettings = {
				ASSETCATALOG_COMPILER_APPICON_NAME = AppIcon;
				ASSETCATALOG_COMPILER_GLOBAL_ACCENT_COLOR_NAME = AccentColor;
				CODE_SIGN_STYLE = Automatic;
				CURRENT_PROJECT_VERSION = 1;
				GENERATE_INFOPLIST_FILE = YES;
				INFOPLIST_FILE = RickAndMorty/Info.plist;
				INFOPLIST_KEY_UIApplicationSupportsIndirectInputEvents = YES;
				INFOPLIST_KEY_UILaunchStoryboardName = LaunchScreen;
				INFOPLIST_KEY_UISupportedInterfaceOrientations_iPad = "UIInterfaceOrientationPortrait UIInterfaceOrientationPortraitUpsideDown UIInterfaceOrientationLandscapeLeft UIInterfaceOrientationLandscapeRight";
				INFOPLIST_KEY_UISupportedInterfaceOrientations_iPhone = "UIInterfaceOrientationPortrait UIInterfaceOrientationLandscapeLeft UIInterfaceOrientationLandscapeRight";
				LD_RUNPATH_SEARCH_PATHS = (
					"$(inherited)",
					"@executable_path/Frameworks",
				);
				MARKETING_VERSION = 1.0;
				PRODUCT_BUNDLE_IDENTIFIER = com.appcoda.RickAndMorty;
				PRODUCT_NAME = "$(TARGET_NAME)";
				SWIFT_EMIT_LOC_STRINGS = YES;
				SWIFT_VERSION = 5.0;
				TARGETED_DEVICE_FAMILY = "1,2";
			};
			name = Release;
		};
/* End XCBuildConfiguration section */

/* Begin XCConfigurationList section */
		1A7A91872BC1335600D302F6 /* Build configuration list for PBXProject "RickAndMorty" */ = {
			isa = XCConfigurationList;
			buildConfigurations = (
				1A7A919E2BC1335800D302F6 /* Debug */,
				1A7A919F2BC1335800D302F6 /* Release */,
			);
			defaultConfigurationIsVisible = 0;
			defaultConfigurationName = Release;
		};
		1A7A91A02BC1335800D302F6 /* Build configuration list for PBXNativeTarget "RickAndMorty" */ = {
			isa = XCConfigurationList;
			buildConfigurations = (
				1A7A91A12BC1335800D302F6 /* Debug */,
				1A7A91A22BC1335800D302F6 /* Release */,
			);
			defaultConfigurationIsVisible = 0;
			defaultConfigurationName = Release;
		};
/* End XCConfigurationList section */
	};
	rootObject = 1A7A91842BC1335600D302F6 /* Project object */;
}
